{
    "name": "code-cookbook",
    "version": "0.1.0",
    "lockfileVersion": 2,
    "requires": true,
    "packages": {
        "": {
            "name": "code-cookbook",
            "version": "0.1.0",
            "devDependencies": {
                "cson-parser": "3.0.0",
                "vscode-oniguruma": "^2.0.1",
                "vscode-textmate": "^9.1.0"
            }
        },
        "node_modules/coffeescript": {
            "version": "1.12.7",
            "resolved": "https://registry.npmjs.org/coffeescript/-/coffeescript-1.12.7.tgz",
            "integrity": "sha512-pLXHFxQMPklVoEekowk8b3erNynC+DVJzChxS/LCBBgR6/8AJkHivkm//zbowcfc7BTCAjryuhx6gPqPRfsFoA==",
            "dev": true,
            "bin": {
                "cake": "bin/cake",
                "coffee": "bin/coffee"
            },
            "engines": {
                "node": ">=0.8.0"
            }
        },
        "node_modules/cson-parser": {
            "version": "3.0.0",
            "resolved": "https://registry.npmjs.org/cson-parser/-/cson-parser-3.0.0.tgz",
            "integrity": "sha512-khmLtNmwe6SSlWz5vrhay9yWd/Fwwyiel+vt+1vIcCT9AsdqNuLXuK9tYhhAw1FdSSHjLc56PW8xa565/x73XQ==",
            "dev": true,
            "dependencies": {
                "coffeescript": "^1.10.0"
            }
        },
        "node_modules/vscode-oniguruma": {
            "version": "2.0.1",
            "resolved": "https://registry.npmjs.org/vscode-oniguruma/-/vscode-oniguruma-2.0.1.tgz",
            "integrity": "sha512-poJU8iHIWnC3vgphJnrLZyI3YdqRlR27xzqDmpPXYzA93R4Gk8z7T6oqDzDoHjoikA2aS82crdXFkjELCdJsjQ==",
            "dev": true
        },
        "node_modules/vscode-textmate": {
            "version": "9.1.0",
            "resolved": "https://registry.npmjs.org/vscode-textmate/-/vscode-textmate-9.1.0.tgz",
            "integrity": "sha512-lxKSVp2DkFOx9RDAvpiYUrB9/KT1fAfi1aE8CBGstP8N7rLF+Seifj8kDA198X0mYj1CjQUC+81+nQf8CO0nVA==",
            "dev": true
        }
    },
    "dependencies": {
        "coffeescript": {
            "version": "1.12.7",
            "resolved": "https://registry.npmjs.org/coffeescript/-/coffeescript-1.12.7.tgz",
            "integrity": "sha512-pLXHFxQMPklVoEekowk8b3erNynC+DVJzChxS/LCBBgR6/8AJkHivkm//zbowcfc7BTCAjryuhx6gPqPRfsFoA==",
            "dev": true
        },
        "cson-parser": {
            "version": "3.0.0",
            "resolved": "https://registry.npmjs.org/cson-parser/-/cson-parser-3.0.0.tgz",
            "integrity": "sha512-khmLtNmwe6SSlWz5vrhay9yWd/Fwwyiel+vt+1vIcCT9AsdqNuLXuK9tYhhAw1FdSSHjLc56PW8xa565/x73XQ==",
            "dev": true,
            "requires": {
                "coffeescript": "^1.10.0"
            }
        },
        "vscode-oniguruma": {
            "version": "2.0.1",
            "resolved": "https://registry.npmjs.org/vscode-oniguruma/-/vscode-oniguruma-2.0.1.tgz",
            "integrity": "sha512-poJU8iHIWnC3vgphJnrLZyI3YdqRlR27xzqDmpPXYzA93R4Gk8z7T6oqDzDoHjoikA2aS82crdXFkjELCdJsjQ==",
            "dev": true
        },
        "vscode-textmate": {
            "version": "9.1.0",
            "resolved": "https://registry.npmjs.org/vscode-textmate/-/vscode-textmate-9.1.0.tgz",
            "integrity": "sha512-lxKSVp2DkFOx9RDAvpiYUrB9/KT1fAfi1aE8CBGstP8N7rLF+Seifj8kDA198X0mYj1CjQUC+81+nQf8CO0nVA==",
            "dev": true
        }
    }
}
